// !$*UTF8*$!
{
	archiveVersion = 1;
	classes = {
	};
	objectVersion = 56;
	objects = {

/* Begin PBXBuildFile section */
		68D0E8C52A11F8DD00AB399B /* AppDelegate.swift in Sources */ = {isa = PBXBuildFile; fileRef = 68D0E8C42A11F8DD00AB399B /* AppDelegate.swift */; };
		68D0E8C72A11F8DD00AB399B /* SceneDelegate.swift in Sources */ = {isa = PBXBuildFile; fileRef = 68D0E8C62A11F8DD00AB399B /* SceneDelegate.swift */; };
		68D0E8C92A11F8DD00AB399B /* ViewController.swift in Sources */ = {isa = PBXBuildFile; fileRef = 68D0E8C82A11F8DD00AB399B /* ViewController.swift */; };
		68D0E8CC2A11F8DD00AB399B /* Main.storyboard in Resources */ = {isa = PBXBuildFile; fileRef = 68D0E8CA2A11F8DD00AB399B /* Main.storyboard */; };
		68D0E8CE2A11F8DE00AB399B /* Assets.xcassets in Resources */ = {isa = PBXBuildFile; fileRef = 68D0E8CD2A11F8DE00AB399B /* Assets.xcassets */; };
		68D0E8D12A11F8DE00AB399B /* LaunchScreen.storyboard in Resources */ = {isa = PBXBuildFile; fileRef = 68D0E8CF2A11F8DE00AB399B /* LaunchScreen.storyboard */; };
		68D0E8D92A11F92200AB399B /* Post.swift in Sources */ = {isa = PBXBuildFile; fileRef = 68D0E8D82A11F92200AB399B /* Post.swift */; };
/* End PBXBuildFile section */

/* Begin PBXFileReference section */
		68D0E8C12A11F8DD00AB399B /* 13_03_2023_JSONNestedAPIWithDecoder.app */ = {isa = PBXFileReference; explicitFileType = wrapper.application; includeInIndex = 0; path = 13_03_2023_JSONNestedAPIWithDecoder.app; sourceTree = BUILT_PRODUCTS_DIR; };
		68D0E8C42A11F8DD00AB399B /* AppDelegate.swift */ = {isa = PBXFileReference; lastKnownFileType = sourcecode.swift; path = AppDelegate.swift; sourceTree = "<group>"; };
		68D0E8C62A11F8DD00AB399B /* SceneDelegate.swift */ = {isa = PBXFileReference; lastKnownFileType = sourcecode.swift; path = SceneDelegate.swift; sourceTree = "<group>"; };
		68D0E8C82A11F8DD00AB399B /* ViewController.swift */ = {isa = PBXFileReference; lastKnownFileType = sourcecode.swift; path = ViewController.swift; sourceTree = "<group>"; };
		68D0E8CB2A11F8DD00AB399B /* Base */ = {isa = PBXFileReference; lastKnownFileType = file.storyboard; name = Base; path = Base.lproj/Main.storyboard; sourceTree = "<group>"; };
		68D0E8CD2A11F8DE00AB399B /* Assets.xcassets */ = {isa = PBXFileReference; lastKnownFileType = folder.assetcatalog; path = Assets.xcassets; sourceTree = "<group>"; };
		68D0E8D02A11F8DE00AB399B /* Base */ = {isa = PBXFileReference; lastKnownFileType = file.storyboard; name = Base; path = Base.lproj/LaunchScreen.storyboard; sourceTree = "<group>"; };
		68D0E8D22A11F8DE00AB399B /* Info.plist */ = {isa = PBXFileReference; lastKnownFileType = text.plist.xml; path = Info.plist; sourceTree = "<group>"; };
		68D0E8D82A11F92200AB399B /* Post.swift */ = {isa = PBXFileReference; lastKnownFileType = sourcecode.swift; path = Post.swift; sourceTree = "<group>"; };
/* End PBXFileReference section */

/* Begin PBXFrameworksBuildPhase section */
		68D0E8BE2A11F8DD00AB399B /* Frameworks */ = {
			isa = PBXFrameworksBuildPhase;
			buildActionMask = 2147483647;
			files = (
			);
			runOnlyForDeploymentPostprocessing = 0;
		};
/* End PBXFrameworksBuildPhase section */

/* Begin PBXGroup section */
		68D0E8B82A11F8DD00AB399B = {
			isa = PBXGroup;
			children = (
				68D0E8C32A11F8DD00AB399B /* 13_03_2023_JSONNestedAPIWithDecoder */,
				68D0E8C22A11F8DD00AB399B /* Products */,
			);
			sourceTree = "<group>";
		};
		68D0E8C22A11F8DD00AB399B /* Products */ = {
			isa = PBXGroup;
			children = (
				68D0E8C12A11F8DD00AB399B /* 13_03_2023_JSONNestedAPIWithDecoder.app */,
			);
			name = Products;
			sourceTree = "<group>";
		};
		68D0E8C32A11F8DD00AB399B /* 13_03_2023_JSONNestedAPIWithDecoder */ = {
			isa = PBXGroup;
			children = (
				68D0E8C42A11F8DD00AB399B /* AppDelegate.swift */,
				68D0E8C62A11F8DD00AB399B /* SceneDelegate.swift */,
				68D0E8C82A11F8DD00AB399B /* ViewController.swift */,
				68D0E8CA2A11F8DD00AB399B /* Main.storyboard */,
				68D0E8CD2A11F8DE00AB399B /* Assets.xcassets */,
				68D0E8CF2A11F8DE00AB399B /* LaunchScreen.storyboard */,
				68D0E8D22A11F8DE00AB399B /* Info.plist */,
				68D0E8D82A11F92200AB399B /* Post.swift */,
			);
			path = 13_03_2023_JSONNestedAPIWithDecoder;
			sourceTree = "<group>";
		};
/* End PBXGroup section */

/* Begin PBXNativeTarget section */
		68D0E8C02A11F8DD00AB399B /* 13_03_2023_JSONNestedAPIWithDecoder */ = {
			isa = PBXNativeTarget;
			buildConfigurationList = 68D0E8D52A11F8DE00AB399B /* Build configuration list for PBXNativeTarget "13_03_2023_JSONNestedAPIWithDecoder" */;
			buildPhases = (
				68D0E8BD2A11F8DD00AB399B /* Sources */,
				68D0E8BE2A11F8DD00AB399B /* Frameworks */,
				68D0E8BF2A11F8DD00AB399B /* Resources */,
			);
			buildRules = (
			);
			dependencies = (
			);
			name = 13_03_2023_JSONNestedAPIWithDecoder;
			productName = 13_03_2023_JSONNestedAPIWithDecoder;
			productReference = 68D0E8C12A11F8DD00AB399B /* 13_03_2023_JSONNestedAPIWithDecoder.app */;
			productType = "com.apple.product-type.application";
		};
/* End PBXNativeTarget section */

/* Begin PBXProject section */
		68D0E8B92A11F8DD00AB399B /* Project object */ = {
			isa = PBXProject;
			attributes = {
				BuildIndependentTargetsInParallel = 1;
				LastSwiftUpdateCheck = 1400;
				LastUpgradeCheck = 1400;
				TargetAttributes = {
					68D0E8C02A11F8DD00AB399B = {
						CreatedOnToolsVersion = 14.0;
					};
				};
			};
			buildConfigurationList = 68D0E8BC2A11F8DD00AB399B /* Build configuration list for PBXProject "13_03_2023_JSONNestedAPIWithDecoder" */;
			compatibilityVersion = "Xcode 14.0";
			developmentRegion = en;
			hasScannedForEncodings = 0;
			knownRegions = (
				en,
				Base,
			);
			mainGroup = 68D0E8B82A11F8DD00AB399B;
			productRefGroup = 68D0E8C22A11F8DD00AB399B /* Products */;
			projectDirPath = "";
			projectRoot = "";
			targets = (
				68D0E8C02A11F8DD00AB399B /* 13_03_2023_JSONNestedAPIWithDecoder */,
			);
		};
/* End PBXProject section */

/* Begin PBXResourcesBuildPhase section */
		68D0E8BF2A11F8DD00AB399B /* Resources */ = {
			isa = PBXResourcesBuildPhase;
			buildActionMask = 2147483647;
			files = (
				68D0E8D12A11F8DE00AB399B /* LaunchScreen.storyboard in Resources */,
				68D0E8CE2A11F8DE00AB399B /* Assets.xcassets in Resources */,
				68D0E8CC2A11F8DD00AB399B /* Main.storyboard in Resources */,
			);
			runOnlyForDeploymentPostprocessing = 0;
		};
/* End PBXResourcesBuildPhase section */

/* Begin PBXSourcesBuildPhase section */
		68D0E8BD2A11F8DD00AB399B /* Sources */ = {
			isa = PBXSourcesBuildPhase;
			buildActionMask = 2147483647;
			files = (
				68D0E8C92A11F8DD00AB399B /* ViewController.swift in Sources */,
				68D0E8C52A11F8DD00AB399B /* AppDelegate.swift in Sources */,
				68D0E8C72A11F8DD00AB399B /* SceneDelegate.swift in Sources */,
				68D0E8D92A11F92200AB399B /* Post.swift in Sources */,
			);
			runOnlyForDeploymentPostprocessing = 0;
		};
/* End PBXSourcesBuildPhase section */

/* Begin PBXVariantGroup section */
		68D0E8CA2A11F8DD00AB399B /* Main.storyboard */ = {
			isa = PBXVariantGroup;
			children = (
				68D0E8CB2A11F8DD00AB399B /* Base */,
			);
			name = Main.storyboard;
			sourceTree = "<group>";
		};
		68D0E8CF2A11F8DE00AB399B /* LaunchScreen.storyboard */ = {
			isa = PBXVariantGroup;
			children = (
				68D0E8D02A11F8DE00AB399B /* Base */,
			);
			name = LaunchScreen.storyboard;
			sourceTree = "<group>";
		};
/* End PBXVariantGroup section */

/* Begin XCBuildConfiguration section */
		68D0E8D32A11F8DE00AB399B /* Debug */ = {
			isa = XCBuildConfiguration;
			buildSettings = {
				ALWAYS_SEARCH_USER_PATHS = NO;
				CLANG_ANALYZER_NONNULL = YES;
				CLANG_ANALYZER_NUMBER_OBJECT_CONVERSION = YES_AGGRESSIVE;
				CLANG_CXX_LANGUAGE_STANDARD = "gnu++20";
				CLANG_ENABLE_MODULES = YES;
				CLANG_ENABLE_OBJC_ARC = YES;
				CLANG_ENABLE_OBJC_WEAK = YES;
				CLANG_WARN_BLOCK_CAPTURE_AUTORELEASING = YES;
				CLANG_WARN_BOOL_CONVERSION = YES;
				CLANG_WARN_COMMA = YES;
				CLANG_WARN_CONSTANT_CONVERSION = YES;
				CLANG_WARN_DEPRECATED_OBJC_IMPLEMENTATIONS = YES;
				CLANG_WARN_DIRECT_OBJC_ISA_USAGE = YES_ERROR;
				CLANG_WARN_DOCUMENTATION_COMMENTS = YES;
				CLANG_WARN_EMPTY_BODY = YES;
				CLANG_WARN_ENUM_CONVERSION = YES;
				CLANG_WARN_INFINITE_RECURSION = YES;
				CLANG_WARN_INT_CONVERSION = YES;
				CLANG_WARN_NON_LITERAL_NULL_CONVERSION = YES;
				CLANG_WARN_OBJC_IMPLICIT_RETAIN_SELF = YES;
				CLANG_WARN_OBJC_LITERAL_CONVERSION = YES;
				CLANG_WARN_OBJC_ROOT_CLASS = YES_ERROR;
				CLANG_WARN_QUOTED_INCLUDE_IN_FRAMEWORK_HEADER = YES;
				CLANG_WARN_RANGE_LOOP_ANALYSIS = YES;
				CLANG_WARN_STRICT_PROTOTYPES = YES;
				CLANG_WARN_SUSPICIOUS_MOVE = YES;
				CLANG_WARN_UNGUARDED_AVAILABILITY = YES_AGGRESSIVE;
				CLANG_WARN_UNREACHABLE_CODE = YES;
				CLANG_WARN__DUPLICATE_METHOD_MATCH = YES;
				COPY_PHASE_STRIP = NO;
				DEBUG_INFORMATION_FORMAT = dwarf;
				ENABLE_STRICT_OBJC_MSGSEND = YES;
				ENABLE_TESTABILITY = YES;
				GCC_C_LANGUAGE_STANDARD = gnu11;
				GCC_DYNAMIC_NO_PIC = NO;
				GCC_NO_COMMON_BLOCKS = YES;
				GCC_OPTIMIZATION_LEVEL = 0;
				GCC_PREPROCESSOR_DEFINITIONS = (
					"DEBUG=1",
					"$(inherited)",
				);
				GCC_WARN_64_TO_32_BIT_CONVERSION = YES;
				GCC_WARN_ABOUT_RETURN_TYPE = YES_ERROR;
				GCC_WARN_UNDECLARED_SELECTOR = YES;
				GCC_WARN_UNINITIALIZED_AUTOS = YES_AGGRESSIVE;
				GCC_WARN_UNUSED_FUNCTION = YES;
				GCC_WARN_UNUSED_VARIABLE = YES;
				IPHONEOS_DEPLOYMENT_TARGET = 16.0;
				MTL_ENABLE_DEBUG_INFO = INCLUDE_SOURCE;
				MTL_FAST_MATH = YES;
				ONLY_ACTIVE_ARCH = YES;
				SDKROOT = iphoneos;
				SWIFT_ACTIVE_COMPILATION_CONDITIONS = DEBUG;
				SWIFT_OPTIMIZATION_LEVEL = "-Onone";
			};
			name = Debug;
		};
		68D0E8D42A11F8DE00AB399B /* Release */ = {
			isa = XCBuildConfiguration;
			buildSettings = {
				ALWAYS_SEARCH_USER_PATHS = NO;
				CLANG_ANALYZER_NONNULL = YES;
				CLANG_ANALYZER_NUMBER_OBJECT_CONVERSION = YES_AGGRESSIVE;
				CLANG_CXX_LANGUAGE_STANDARD = "gnu++20";
				CLANG_ENABLE_MODULES = YES;
				CLANG_ENABLE_OBJC_ARC = YES;
				CLANG_ENABLE_OBJC_WEAK = YES;
				CLANG_WARN_BLOCK_CAPTURE_AUTORELEASING = YES;
				CLANG_WARN_BOOL_CONVERSION = YES;
				CLANG_WARN_COMMA = YES;
				CLANG_WARN_CONSTANT_CONVERSION = YES;
				CLANG_WARN_DEPRECATED_OBJC_IMPLEMENTATIONS = YES;
				CLANG_WARN_DIRECT_OBJC_ISA_USAGE = YES_ERROR;
				CLANG_WARN_DOCUMENTATION_COMMENTS = YES;
				CLANG_WARN_EMPTY_BODY = YES;
				CLANG_WARN_ENUM_CONVERSION = YES;
				CLANG_WARN_INFINITE_RECURSION = YES;
				CLANG_WARN_INT_CONVERSION = YES;
				CLANG_WARN_NON_LITERAL_NULL_CONVERSION = YES;
				CLANG_WARN_OBJC_IMPLICIT_RETAIN_SELF = YES;
				CLANG_WARN_OBJC_LITERAL_CONVERSION = YES;
				CLANG_WARN_OBJC_ROOT_CLASS = YES_ERROR;
				CLANG_WARN_QUOTED_INCLUDE_IN_FRAMEWORK_HEADER = YES;
				CLANG_WARN_RANGE_LOOP_ANALYSIS = YES;
				CLANG_WARN_STRICT_PROTOTYPES = YES;
				CLANG_WARN_SUSPICIOUS_MOVE = YES;
				CLANG_WARN_UNGUARDED_AVAILABILITY = YES_AGGRESSIVE;
				CLANG_WARN_UNREACHABLE_CODE = YES;
				CLANG_WARN__DUPLICATE_METHOD_MATCH = YES;
				COPY_PHASE_STRIP = NO;
				DEBUG_INFORMATION_FORMAT = "dwarf-with-dsym";
				ENABLE_NS_ASSERTIONS = NO;
				ENABLE_STRICT_OBJC_MSGSEND = YES;
				GCC_C_LANGUAGE_STANDARD = gnu11;
				GCC_NO_COMMON_BLOCKS = YES;
				GCC_WARN_64_TO_32_BIT_CONVERSION = YES;
				GCC_WARN_ABOUT_RETURN_TYPE = YES_ERROR;
				GCC_WARN_UNDECLARED_SELECTOR = YES;
				GCC_WARN_UNINITIALIZED_AUTOS = YES_AGGRESSIVE;
				GCC_WARN_UNUSED_FUNCTION = YES;
				GCC_WARN_UNUSED_VARIABLE = YES;
				IPHONEOS_DEPLOYMENT_TARGET = 16.0;
				MTL_ENABLE_DEBUG_INFO = NO;
				MTL_FAST_MATH = YES;
				SDKROOT = iphoneos;
				SWIFT_COMPILATION_MODE = wholemodule;
				SWIFT_OPTIMIZATION_LEVEL = "-O";
				VALIDATE_PRODUCT = YES;
			};
			name = Release;
		};
		68D0E8D62A11F8DE00AB399B /* Debug */ = {
			isa = XCBuildConfiguration;
			buildSettings = {
				ASSETCATALOG_COMPILER_APPICON_NAME = AppIcon;
				ASSETCATALOG_COMPILER_GLOBAL_ACCENT_COLOR_NAME = AccentColor;
				CODE_SIGN_STYLE = Automatic;
				CURRENT_PROJECT_VERSION = 1;
				DEVELOPMENT_TEAM = V8WE74Y3MG;
				GENERATE_INFOPLIST_FILE = YES;
				INFOPLIST_FILE = 13_03_2023_JSONNestedAPIWithDecoder/Info.plist;
				INFOPLIST_KEY_UIApplicationSupportsIndirectInputEvents = YES;
				INFOPLIST_KEY_UILaunchStoryboardName = LaunchScreen;
				INFOPLIST_KEY_UIMainStoryboardFile = Main;
				INFOPLIST_KEY_UISupportedInterfaceOrientations_iPad = "UIInterfaceOrientationPortrait UIInterfaceOrientationPortraitUpsideDown UIInterfaceOrientationLandscapeLeft UIInterfaceOrientationLandscapeRight";
				INFOPLIST_KEY_UISupportedInterfaceOrientations_iPhone = "UIInterfaceOrientationPortrait UIInterfaceOrientationLandscapeLeft UIInterfaceOrientationLandscapeRight";
				LD_RUNPATH_SEARCH_PATHS = (
					"$(inherited)",
					"@executable_path/Frameworks",
				);
				MARKETING_VERSION = 1.0;
				PRODUCT_BUNDLE_IDENTIFIER = "in.bitcode.-3-03-2023-JSONNestedAPIWithDecoder";
				PRODUCT_NAME = "$(TARGET_NAME)";
				SWIFT_EMIT_LOC_STRINGS = YES;
				SWIFT_VERSION = 5.0;
				TARGETED_DEVICE_FAMILY = "1,2";
			};
			name = Debug;
		};
		68D0E8D72A11F8DE00AB399B /* Release */ = {
			isa = XCBuildConfiguration;
			buildSettings = {
				ASSETCATALOG_COMPILER_APPICON_NAME = AppIcon;
				ASSETCATALOG_COMPILER_GLOBAL_ACCENT_COLOR_NAME = AccentColor;
				CODE_SIGN_STYLE = Automatic;
				CURRENT_PROJECT_VERSION = 1;
				DEVELOPMENT_TEAM = V8WE74Y3MG;
				GENERATE_INFOPLIST_FILE = YES;
				INFOPLIST_FILE = 13_03_2023_JSONNestedAPIWithDecoder/Info.plist;
				INFOPLIST_KEY_UIApplicationSupportsIndirectInputEvents = YES;
				INFOPLIST_KEY_UILaunchStoryboardName = LaunchScreen;
				INFOPLIST_KEY_UIMainStoryboardFile = Main;
				INFOPLIST_KEY_UISupportedInterfaceOrientations_iPad = "UIInterfaceOrientationPortrait UIInterfaceOrientationPortraitUpsideDown UIInterfaceOrientationLandscapeLeft UIInterfaceOrientationLandscapeRight";
				INFOPLIST_KEY_UISupportedInterfaceOrientations_iPhone = "UIInterfaceOrientationPortrait UIInterfaceOrientationLandscapeLeft UIInterfaceOrientationLandscapeRight";
				LD_RUNPATH_SEARCH_PATHS = (
					"$(inherited)",
					"@executable_path/Frameworks",
				);
				MARKETING_VERSION = 1.0;
				PRODUCT_BUNDLE_IDENTIFIER = "in.bitcode.-3-03-2023-JSONNestedAPIWithDecoder";
				PRODUCT_NAME = "$(TARGET_NAME)";
				SWIFT_EMIT_LOC_STRINGS = YES;
				SWIFT_VERSION = 5.0;
				TARGETED_DEVICE_FAMILY = "1,2";
			};
			name = Release;
		};
/* End XCBuildConfiguration section */

/* Begin XCConfigurationList section */
		68D0E8BC2A11F8DD00AB399B /* Build configuration list for PBXProject "13_03_2023_JSONNestedAPIWithDecoder" */ = {
			isa = XCConfigurationList;
			buildConfigurations = (
				68D0E8D32A11F8DE00AB399B /* Debug */,
				68D0E8D42A11F8DE00AB399B /* Release */,
			);
			defaultConfigurationIsVisible = 0;
			defaultConfigurationName = Release;
		};
		68D0E8D52A11F8DE00AB399B /* Build configuration list for PBXNativeTarget "13_03_2023_JSONNestedAPIWithDecoder" */ = {
			isa = XCConfigurationList;
			buildConfigurations = (
				68D0E8D62A11F8DE00AB399B /* Debug */,
				68D0E8D72A11F8DE00AB399B /* Release */,
			);
			defaultConfigurationIsVisible = 0;
			defaultConfigurationName = Release;
		};
/* End XCConfigurationList section */
	};
	rootObject = 68D0E8B92A11F8DD00AB399B /* Project object */;
}
